
Microsoft Visual Studio Solution File, Format Version 12.00
# Visual Studio Version 17
VisualStudioVersion = 17.7.34024.191
MinimumVisualStudioVersion = 10.0.40219.1
Project("{8BC9CEB8-8B4A-11D0-8D11-00A0C91BC942}") = "Project11", "Project11.vcxproj", "{B349DA01-0FC3-4602-9BD9-677D76DE1876}"
EndProject
Project("{8BC9CEB8-8B4A-11D0-8D11-00A0C91BC942}") = "1.2", "..\1.2\1.2.vcxproj", "{889AE7E2-F144-43B1-AE58-C10ECD87CF34}"
EndProject
Project("{8BC9CEB8-8B4A-11D0-8D11-00A0C91BC942}") = "10.1", "..\10.1\10.1.vcxproj", "{F42420F6-ECB6-4EA1-9A0B-9657C175335C}"
EndProject
Project("{8BC9CEB8-8B4A-11D0-8D11-00A0C91BC942}") = "10.2", "..\10.2\10.2.vcxproj", "{59B3B3A9-2872-4569-86A4-57B651F627B7}"
EndProject
Project("{8BC9CEB8-8B4A-11D0-8D11-00A0C91BC942}") = "4.1", "..\4.1\4.1.vcxproj", "{9AEE3687-42A8-45C0-B940-38E5D57255B9}"
EndProject
Project("{8BC9CEB8-8B4A-11D0-8D11-00A0C91BC942}") = "4.2", "..\4.2\4.2.vcxproj", "{40A405AF-6CF4-4C47-8CB4-BF5241381152}"
EndProject
Project("{8BC9CEB8-8B4A-11D0-8D11-00A0C91BC942}") = "15.1", "..\15.1\15.1.vcxproj", "{3AE9084C-732E-429C-9104-9BF954752845}"
EndProject
Project("{8BC9CEB8-8B4A-11D0-8D11-00A0C91BC942}") = "15.2", "..\15.2\15.2.vcxproj", "{7516F850-8D08-47C5-BA9E-59C5CECD647E}"
EndProject
Global
	GlobalSection(SolutionConfigurationPlatforms) = preSolution
		Debug|x64 = Debug|x64
		Debug|x86 = Debug|x86
		Release|x64 = Release|x64
		Release|x86 = Release|x86
	EndGlobalSection
	GlobalSection(ProjectConfigurationPlatforms) = postSolution
		{B349DA01-0FC3-4602-9BD9-677D76DE1876}.Debug|x64.ActiveCfg = Debug|x64
		{B349DA01-0FC3-4602-9BD9-677D76DE1876}.Debug|x64.Build.0 = Debug|x64
		{B349DA01-0FC3-4602-9BD9-677D76DE1876}.Debug|x86.ActiveCfg = Debug|Win32
		{B349DA01-0FC3-4602-9BD9-677D76DE1876}.Debug|x86.Build.0 = Debug|Win32
		{B349DA01-0FC3-4602-9BD9-677D76DE1876}.Release|x64.ActiveCfg = Release|x64
		{B349DA01-0FC3-4602-9BD9-677D76DE1876}.Release|x64.Build.0 = Release|x64
		{B349DA01-0FC3-4602-9BD9-677D76DE1876}.Release|x86.ActiveCfg = Release|Win32
		{B349DA01-0FC3-4602-9BD9-677D76DE1876}.Release|x86.Build.0 = Release|Win32
		{889AE7E2-F144-43B1-AE58-C10ECD87CF34}.Debug|x64.ActiveCfg = Debug|x64
		{889AE7E2-F144-43B1-AE58-C10ECD87CF34}.Debug|x64.Build.0 = Debug|x64
		{889AE7E2-F144-43B1-AE58-C10ECD87CF34}.Debug|x86.ActiveCfg = Debug|Win32
		{889AE7E2-F144-43B1-AE58-C10ECD87CF34}.Debug|x86.Build.0 = Debug|Win32
		{889AE7E2-F144-43B1-AE58-C10ECD87CF34}.Release|x64.ActiveCfg = Release|x64
		{889AE7E2-F144-43B1-AE58-C10ECD87CF34}.Release|x64.Build.0 = Release|x64
		{889AE7E2-F144-43B1-AE58-C10ECD87CF34}.Release|x86.ActiveCfg = Release|Win32
		{889AE7E2-F144-43B1-AE58-C10ECD87CF34}.Release|x86.Build.0 = Release|Win32
		{F42420F6-ECB6-4EA1-9A0B-9657C175335C}.Debug|x64.ActiveCfg = Debug|x64
		{F42420F6-ECB6-4EA1-9A0B-9657C175335C}.Debug|x64.Build.0 = Debug|x64
		{F42420F6-ECB6-4EA1-9A0B-9657C175335C}.Debug|x86.ActiveCfg = Debug|Win32
		{F42420F6-ECB6-4EA1-9A0B-9657C175335C}.Debug|x86.Build.0 = Debug|Win32
		{F42420F6-ECB6-4EA1-9A0B-9657C175335C}.Release|x64.ActiveCfg = Release|x64
		{F42420F6-ECB6-4EA1-9A0B-9657C175335C}.Release|x64.Build.0 = Release|x64
		{F42420F6-ECB6-4EA1-9A0B-9657C175335C}.Release|x86.ActiveCfg = Release|Win32
		{F42420F6-ECB6-4EA1-9A0B-9657C175335C}.Release|x86.Build.0 = Release|Win32
		{59B3B3A9-2872-4569-86A4-57B651F627B7}.Debug|x64.ActiveCfg = Debug|x64
		{59B3B3A9-2872-4569-86A4-57B651F627B7}.Debug|x64.Build.0 = Debug|x64
		{59B3B3A9-2872-4569-86A4-57B651F627B7}.Debug|x86.ActiveCfg = Debug|Win32
		{59B3B3A9-2872-4569-86A4-57B651F627B7}.Debug|x86.Build.0 = Debug|Win32
		{59B3B3A9-2872-4569-86A4-57B651F627B7}.Release|x64.ActiveCfg = Release|x64
		{59B3B3A9-2872-4569-86A4-57B651F627B7}.Release|x64.Build.0 = Release|x64
		{59B3B3A9-2872-4569-86A4-57B651F627B7}.Release|x86.ActiveCfg = Release|Win32
		{59B3B3A9-2872-4569-86A4-57B651F627B7}.Release|x86.Build.0 = Release|Win32
		{9AEE3687-42A8-45C0-B940-38E5D57255B9}.Debug|x64.ActiveCfg = Debug|x64
		{9AEE3687-42A8-45C0-B940-38E5D57255B9}.Debug|x64.Build.0 = Debug|x64
		{9AEE3687-42A8-45C0-B940-38E5D57255B9}.Debug|x86.ActiveCfg = Debug|Win32
		{9AEE3687-42A8-45C0-B940-38E5D57255B9}.Debug|x86.Build.0 = Debug|Win32
		{9AEE3687-42A8-45C0-B940-38E5D57255B9}.Release|x64.ActiveCfg = Release|x64
		{9AEE3687-42A8-45C0-B940-38E5D57255B9}.Release|x64.Build.0 = Release|x64
		{9AEE3687-42A8-45C0-B940-38E5D57255B9}.Release|x86.ActiveCfg = Release|Win32
		{9AEE3687-42A8-45C0-B940-38E5D57255B9}.Release|x86.Build.0 = Release|Win32
		{40A405AF-6CF4-4C47-8CB4-BF5241381152}.Debug|x64.ActiveCfg = Debug|x64
		{40A405AF-6CF4-4C47-8CB4-BF5241381152}.Debug|x64.Build.0 = Debug|x64
		{40A405AF-6CF4-4C47-8CB4-BF5241381152}.Debug|x86.ActiveCfg = Debug|Win32
		{40A405AF-6CF4-4C47-8CB4-BF5241381152}.Debug|x86.Build.0 = Debug|Win32
		{40A405AF-6CF4-4C47-8CB4-BF5241381152}.Release|x64.ActiveCfg = Release|x64
		{40A405AF-6CF4-4C47-8CB4-BF5241381152}.Release|x64.Build.0 = Release|x64
		{40A405AF-6CF4-4C47-8CB4-BF5241381152}.Release|x86.ActiveCfg = Release|Win32
		{40A405AF-6CF4-4C47-8CB4-BF5241381152}.Release|x86.Build.0 = Release|Win32
		{3AE9084C-732E-429C-9104-9BF954752845}.Debug|x64.ActiveCfg = Debug|x64
		{3AE9084C-732E-429C-9104-9BF954752845}.Debug|x64.Build.0 = Debug|x64
		{3AE9084C-732E-429C-9104-9BF954752845}.Debug|x86.ActiveCfg = Debug|Win32
		{3AE9084C-732E-429C-9104-9BF954752845}.Debug|x86.Build.0 = Debug|Win32
		{3AE9084C-732E-429C-9104-9BF954752845}.Release|x64.ActiveCfg = Release|x64
		{3AE9084C-732E-429C-9104-9BF954752845}.Release|x64.Build.0 = Release|x64
		{3AE9084C-732E-429C-9104-9BF954752845}.Release|x86.ActiveCfg = Release|Win32
		{3AE9084C-732E-429C-9104-9BF954752845}.Release|x86.Build.0 = Release|Win32
		{7516F850-8D08-47C5-BA9E-59C5CECD647E}.Debug|x64.ActiveCfg = Debug|x64
		{7516F850-8D08-47C5-BA9E-59C5CECD647E}.Debug|x64.Build.0 = Debug|x64
		{7516F850-8D08-47C5-BA9E-59C5CECD647E}.Debug|x86.ActiveCfg = Debug|Win32
		{7516F850-8D08-47C5-BA9E-59C5CECD647E}.Debug|x86.Build.0 = Debug|Win32
		{7516F850-8D08-47C5-BA9E-59C5CECD647E}.Release|x64.ActiveCfg = Release|x64
		{7516F850-8D08-47C5-BA9E-59C5CECD647E}.Release|x64.Build.0 = Release|x64
		{7516F850-8D08-47C5-BA9E-59C5CECD647E}.Release|x86.ActiveCfg = Release|Win32
		{7516F850-8D08-47C5-BA9E-59C5CECD647E}.Release|x86.Build.0 = Release|Win32
	EndGlobalSection
	GlobalSection(SolutionProperties) = preSolution
		HideSolutionNode = FALSE
	EndGlobalSection
	GlobalSection(ExtensibilityGlobals) = postSolution
		SolutionGuid = {5045B994-F1D2-458C-8D9A-D7E9D56D2740}
	EndGlobalSection
EndGlobal
