
Microsoft Visual Studio Solution File, Format Version 12.00
# Visual Studio Version 17
VisualStudioVersion = 17.7.34024.191
MinimumVisualStudioVersion = 10.0.40219.1
Project("{8BC9CEB8-8B4A-11D0-8D11-00A0C91BC942}") = "10 laba", "10 laba.vcxproj", "{6DF48FCF-B5AF-45E3-AEC7-7CA9F899A29B}"
EndProject
Project("{8BC9CEB8-8B4A-11D0-8D11-00A0C91BC942}") = "2", "..\2\2.vcxproj", "{EBF8CCB8-242E-4E08-AF3E-7CEB61EE86F3}"
EndProject
Project("{8BC9CEB8-8B4A-11D0-8D11-00A0C91BC942}") = "dop1", "..\dop1\dop1.vcxproj", "{2295ABB9-B398-4331-A66F-6E31A6AD2657}"
EndProject
Project("{8BC9CEB8-8B4A-11D0-8D11-00A0C91BC942}") = "dop2", "..\dop2\dop2.vcxproj", "{C5559825-8749-43EB-B969-36504C662C62}"
EndProject
Project("{8BC9CEB8-8B4A-11D0-8D11-00A0C91BC942}") = "dop3", "..\dop3\dop3.vcxproj", "{FE23AAD6-467E-4598-8F64-E6295D49337D}"
EndProject
Global
	GlobalSection(SolutionConfigurationPlatforms) = preSolution
		Debug|x64 = Debug|x64
		Debug|x86 = Debug|x86
		Release|x64 = Release|x64
		Release|x86 = Release|x86
	EndGlobalSection
	GlobalSection(ProjectConfigurationPlatforms) = postSolution
		{6DF48FCF-B5AF-45E3-AEC7-7CA9F899A29B}.Debug|x64.ActiveCfg = Debug|x64
		{6DF48FCF-B5AF-45E3-AEC7-7CA9F899A29B}.Debug|x64.Build.0 = Debug|x64
		{6DF48FCF-B5AF-45E3-AEC7-7CA9F899A29B}.Debug|x86.ActiveCfg = Debug|Win32
		{6DF48FCF-B5AF-45E3-AEC7-7CA9F899A29B}.Debug|x86.Build.0 = Debug|Win32
		{6DF48FCF-B5AF-45E3-AEC7-7CA9F899A29B}.Release|x64.ActiveCfg = Release|x64
		{6DF48FCF-B5AF-45E3-AEC7-7CA9F899A29B}.Release|x64.Build.0 = Release|x64
		{6DF48FCF-B5AF-45E3-AEC7-7CA9F899A29B}.Release|x86.ActiveCfg = Release|Win32
		{6DF48FCF-B5AF-45E3-AEC7-7CA9F899A29B}.Release|x86.Build.0 = Release|Win32
		{EBF8CCB8-242E-4E08-AF3E-7CEB61EE86F3}.Debug|x64.ActiveCfg = Debug|x64
		{EBF8CCB8-242E-4E08-AF3E-7CEB61EE86F3}.Debug|x64.Build.0 = Debug|x64
		{EBF8CCB8-242E-4E08-AF3E-7CEB61EE86F3}.Debug|x86.ActiveCfg = Debug|Win32
		{EBF8CCB8-242E-4E08-AF3E-7CEB61EE86F3}.Debug|x86.Build.0 = Debug|Win32
		{EBF8CCB8-242E-4E08-AF3E-7CEB61EE86F3}.Release|x64.ActiveCfg = Release|x64
		{EBF8CCB8-242E-4E08-AF3E-7CEB61EE86F3}.Release|x64.Build.0 = Release|x64
		{EBF8CCB8-242E-4E08-AF3E-7CEB61EE86F3}.Release|x86.ActiveCfg = Release|Win32
		{EBF8CCB8-242E-4E08-AF3E-7CEB61EE86F3}.Release|x86.Build.0 = Release|Win32
		{2295ABB9-B398-4331-A66F-6E31A6AD2657}.Debug|x64.ActiveCfg = Debug|x64
		{2295ABB9-B398-4331-A66F-6E31A6AD2657}.Debug|x64.Build.0 = Debug|x64
		{2295ABB9-B398-4331-A66F-6E31A6AD2657}.Debug|x86.ActiveCfg = Debug|Win32
		{2295ABB9-B398-4331-A66F-6E31A6AD2657}.Debug|x86.Build.0 = Debug|Win32
		{2295ABB9-B398-4331-A66F-6E31A6AD2657}.Release|x64.ActiveCfg = Release|x64
		{2295ABB9-B398-4331-A66F-6E31A6AD2657}.Release|x64.Build.0 = Release|x64
		{2295ABB9-B398-4331-A66F-6E31A6AD2657}.Release|x86.ActiveCfg = Release|Win32
		{2295ABB9-B398-4331-A66F-6E31A6AD2657}.Release|x86.Build.0 = Release|Win32
		{C5559825-8749-43EB-B969-36504C662C62}.Debug|x64.ActiveCfg = Debug|x64
		{C5559825-8749-43EB-B969-36504C662C62}.Debug|x64.Build.0 = Debug|x64
		{C5559825-8749-43EB-B969-36504C662C62}.Debug|x86.ActiveCfg = Debug|Win32
		{C5559825-8749-43EB-B969-36504C662C62}.Debug|x86.Build.0 = Debug|Win32
		{C5559825-8749-43EB-B969-36504C662C62}.Release|x64.ActiveCfg = Release|x64
		{C5559825-8749-43EB-B969-36504C662C62}.Release|x64.Build.0 = Release|x64
		{C5559825-8749-43EB-B969-36504C662C62}.Release|x86.ActiveCfg = Release|Win32
		{C5559825-8749-43EB-B969-36504C662C62}.Release|x86.Build.0 = Release|Win32
		{FE23AAD6-467E-4598-8F64-E6295D49337D}.Debug|x64.ActiveCfg = Debug|x64
		{FE23AAD6-467E-4598-8F64-E6295D49337D}.Debug|x64.Build.0 = Debug|x64
		{FE23AAD6-467E-4598-8F64-E6295D49337D}.Debug|x86.ActiveCfg = Debug|Win32
		{FE23AAD6-467E-4598-8F64-E6295D49337D}.Debug|x86.Build.0 = Debug|Win32
		{FE23AAD6-467E-4598-8F64-E6295D49337D}.Release|x64.ActiveCfg = Release|x64
		{FE23AAD6-467E-4598-8F64-E6295D49337D}.Release|x64.Build.0 = Release|x64
		{FE23AAD6-467E-4598-8F64-E6295D49337D}.Release|x86.ActiveCfg = Release|Win32
		{FE23AAD6-467E-4598-8F64-E6295D49337D}.Release|x86.Build.0 = Release|Win32
	EndGlobalSection
	GlobalSection(SolutionProperties) = preSolution
		HideSolutionNode = FALSE
	EndGlobalSection
	GlobalSection(ExtensibilityGlobals) = postSolution
		SolutionGuid = {E83985DF-FF45-4789-B6C0-98D515A15BE0}
	EndGlobalSection
EndGlobal
